
Microsoft Visual Studio Solution File, Format Version 12.00
# Visual Studio Version 16
VisualStudioVersion = 25.0.1700.7
MinimumVisualStudioVersion = 10.0.40219.1
Project("{FAE04EC0-301F-11D3-BF4B-00C04F79EFBC}") = "MSA.Phase2.AmazingApi", "MSA.Phase2.AmazingApi.csproj", "{52612C9E-99DF-4BCB-9C11-8F8CB6BB4DFC}"
EndProject
Project("{2150E333-8FDC-42A3-9474-1A3956D46DE8}") = "Solution Items", "Solution Items", "{D8C993C4-CFB4-4908-A190-AC03844A4CD8}"
	ProjectSection(SolutionItems) = preProject
		.gitignore = .gitignore
	EndProjectSection
EndProject
Global
	GlobalSection(SolutionConfigurationPlatforms) = preSolution
		Debug|Any CPU = Debug|Any CPU
		Release|Any CPU = Release|Any CPU
	EndGlobalSection
	GlobalSection(ProjectConfigurationPlatforms) = postSolution
		{52612C9E-99DF-4BCB-9C11-8F8CB6BB4DFC}.Debug|Any CPU.ActiveCfg = Debug|Any CPU
		{52612C9E-99DF-4BCB-9C11-8F8CB6BB4DFC}.Debug|Any CPU.Build.0 = Debug|Any CPU
		{52612C9E-99DF-4BCB-9C11-8F8CB6BB4DFC}.Release|Any CPU.ActiveCfg = Release|Any CPU
		{52612C9E-99DF-4BCB-9C11-8F8CB6BB4DFC}.Release|Any CPU.Build.0 = Release|Any CPU
	EndGlobalSection
	GlobalSection(SolutionProperties) = preSolution
		HideSolutionNode = FALSE
	EndGlobalSection
	GlobalSection(ExtensibilityGlobals) = postSolution
		SolutionGuid = {A7BF7381-EE42-49ED-8AF2-2A2C4B464979}
	EndGlobalSection
EndGlobal
